
Microsoft Visual Studio Solution File, Format Version 12.00
# Visual Studio Version 16
VisualStudioVersion = 16.0.808.0
MinimumVisualStudioVersion = 10.0.40219.1
Project("{FAE04EC0-301F-11D3-BF4B-00C04F79EFBC}") = "Multithreading", "Multithreading\Multithreading.csproj", "{E211B1B1-8BA7-460A-943D-ADBA729BFE0C}"
EndProject
Project("{FAE04EC0-301F-11D3-BF4B-00C04F79EFBC}") = "ReaderWriterLock", "ReaderWriterLock\ReaderWriterLock.csproj", "{DBDCC6B2-6C33-4D20-B1EA-5A0912D1DA72}"
EndProject
Project("{FAE04EC0-301F-11D3-BF4B-00C04F79EFBC}") = "MemoryMappedFileTest", "MemoryMappedFileTest\MemoryMappedFileTest.csproj", "{F2CFED4B-60C4-4A94-AB95-071E0F980812}"
EndProject
Project("{FAE04EC0-301F-11D3-BF4B-00C04F79EFBC}") = "MemoryMappedFileTest2", "MemoryMappedFileTest2\MemoryMappedFileTest2.csproj", "{E4E8E594-1412-4072-BEA9-EE89DE8D2ED4}"
EndProject
Global
	GlobalSection(SolutionConfigurationPlatforms) = preSolution
		Debug|Any CPU = Debug|Any CPU
		Release|Any CPU = Release|Any CPU
	EndGlobalSection
	GlobalSection(ProjectConfigurationPlatforms) = postSolution
		{E211B1B1-8BA7-460A-943D-ADBA729BFE0C}.Debug|Any CPU.ActiveCfg = Debug|Any CPU
		{E211B1B1-8BA7-460A-943D-ADBA729BFE0C}.Debug|Any CPU.Build.0 = Debug|Any CPU
		{E211B1B1-8BA7-460A-943D-ADBA729BFE0C}.Release|Any CPU.ActiveCfg = Release|Any CPU
		{E211B1B1-8BA7-460A-943D-ADBA729BFE0C}.Release|Any CPU.Build.0 = Release|Any CPU
		{DBDCC6B2-6C33-4D20-B1EA-5A0912D1DA72}.Debug|Any CPU.ActiveCfg = Debug|Any CPU
		{DBDCC6B2-6C33-4D20-B1EA-5A0912D1DA72}.Debug|Any CPU.Build.0 = Debug|Any CPU
		{DBDCC6B2-6C33-4D20-B1EA-5A0912D1DA72}.Release|Any CPU.ActiveCfg = Release|Any CPU
		{DBDCC6B2-6C33-4D20-B1EA-5A0912D1DA72}.Release|Any CPU.Build.0 = Release|Any CPU
		{F2CFED4B-60C4-4A94-AB95-071E0F980812}.Debug|Any CPU.ActiveCfg = Debug|Any CPU
		{F2CFED4B-60C4-4A94-AB95-071E0F980812}.Debug|Any CPU.Build.0 = Debug|Any CPU
		{F2CFED4B-60C4-4A94-AB95-071E0F980812}.Release|Any CPU.ActiveCfg = Release|Any CPU
		{F2CFED4B-60C4-4A94-AB95-071E0F980812}.Release|Any CPU.Build.0 = Release|Any CPU
		{E4E8E594-1412-4072-BEA9-EE89DE8D2ED4}.Debug|Any CPU.ActiveCfg = Debug|Any CPU
		{E4E8E594-1412-4072-BEA9-EE89DE8D2ED4}.Debug|Any CPU.Build.0 = Debug|Any CPU
		{E4E8E594-1412-4072-BEA9-EE89DE8D2ED4}.Release|Any CPU.ActiveCfg = Release|Any CPU
		{E4E8E594-1412-4072-BEA9-EE89DE8D2ED4}.Release|Any CPU.Build.0 = Release|Any CPU
	EndGlobalSection
	GlobalSection(SolutionProperties) = preSolution
		HideSolutionNode = FALSE
	EndGlobalSection
	GlobalSection(ExtensibilityGlobals) = postSolution
		SolutionGuid = {311FE33D-D652-438F-819C-24A324BDBFA9}
	EndGlobalSection
EndGlobal
